{
  "name": "scripts",
  "version": "1.0.0",
  "lockfileVersion": 1,
  "requires": true,
  "dependencies": {
    "arrays-to-csv": {
      "version": "2.0.1",
      "resolved": "https://registry.npmjs.org/arrays-to-csv/-/arrays-to-csv-2.0.1.tgz",
      "integrity": "sha512-qGR8fRUfjgr1PMmhbY/l/V7m135yfh90ahWBxrH1hsnzRZ/omUgJZjPBRr92uisAV6Gz/VpJ/tDuJ7gFy1hkgA=="
    },
    "convert-array-to-csv": {
      "version": "2.0.0",
      "resolved": "https://registry.npmjs.org/convert-array-to-csv/-/convert-array-to-csv-2.0.0.tgz",
      "integrity": "sha512-dxUINCt28k6WbXGMoB+AaKjGY0Y6GkKwZmT+kvD4nJgVCOKsnIQ3G6n0v2II1lG4NwXQk6EWZ+pPDub9wcqqMg=="
    },
    "export-to-csv": {
      "version": "0.2.1",
      "resolved": "https://registry.npmjs.org/export-to-csv/-/export-to-csv-0.2.1.tgz",
      "integrity": "sha512-KTbrd3CAZ0cFceJEZr1e5uiMasabeCpXq1/5uvVxDl53o4jXJHnltasQoj2NkzrxD8hU9kdwjnMhoir/7nNx/A=="
    }
  }
}
